
Microsoft Visual Studio Solution File, Format Version 12.00
Project("{FAE04EC0-301F-11D3-BF4B-00C04F79EFBC}") = "Laboratorna_12_3_REC", "Laboratorna_12_3_REC\Laboratorna_12_3_REC.csproj", "{50E585AB-A649-418F-AF74-3074231321E4}"
EndProject
Project("{FAE04EC0-301F-11D3-BF4B-00C04F79EFBC}") = "Laboratorna_12_3_REC.Tests", "Laboratorna_12_3_REC.Tests\Laboratorna_12_3_REC.Tests.csproj", "{FEDF7731-DC26-4987-BE03-36E5B6027477}"
EndProject
Global
	GlobalSection(SolutionConfigurationPlatforms) = preSolution
		Debug|Any CPU = Debug|Any CPU
		Release|Any CPU = Release|Any CPU
	EndGlobalSection
	GlobalSection(ProjectConfigurationPlatforms) = postSolution
		{50E585AB-A649-418F-AF74-3074231321E4}.Debug|Any CPU.ActiveCfg = Debug|Any CPU
		{50E585AB-A649-418F-AF74-3074231321E4}.Debug|Any CPU.Build.0 = Debug|Any CPU
		{50E585AB-A649-418F-AF74-3074231321E4}.Release|Any CPU.ActiveCfg = Release|Any CPU
		{50E585AB-A649-418F-AF74-3074231321E4}.Release|Any CPU.Build.0 = Release|Any CPU
		{FEDF7731-DC26-4987-BE03-36E5B6027477}.Debug|Any CPU.ActiveCfg = Debug|Any CPU
		{FEDF7731-DC26-4987-BE03-36E5B6027477}.Debug|Any CPU.Build.0 = Debug|Any CPU
		{FEDF7731-DC26-4987-BE03-36E5B6027477}.Release|Any CPU.ActiveCfg = Release|Any CPU
		{FEDF7731-DC26-4987-BE03-36E5B6027477}.Release|Any CPU.Build.0 = Release|Any CPU
	EndGlobalSection
EndGlobal
